
Microsoft Visual Studio Solution File, Format Version 12.00
# Visual Studio Version 17
VisualStudioVersion = 17.6.33815.320
MinimumVisualStudioVersion = 10.0.40219.1
Project("{9A19103F-16F7-4668-BE54-9A1E7A4F7556}") = "CarrosAPI", "WebApplication3\CarrosAPI.csproj", "{C9D563FE-F5F2-4C03-89F6-598E759EE6FB}"
EndProject
Global
	GlobalSection(SolutionConfigurationPlatforms) = preSolution
		Debug|Any CPU = Debug|Any CPU
		Release|Any CPU = Release|Any CPU
	EndGlobalSection
	GlobalSection(ProjectConfigurationPlatforms) = postSolution
		{C9D563FE-F5F2-4C03-89F6-598E759EE6FB}.Debug|Any CPU.ActiveCfg = Debug|Any CPU
		{C9D563FE-F5F2-4C03-89F6-598E759EE6FB}.Debug|Any CPU.Build.0 = Debug|Any CPU
		{C9D563FE-F5F2-4C03-89F6-598E759EE6FB}.Release|Any CPU.ActiveCfg = Release|Any CPU
		{C9D563FE-F5F2-4C03-89F6-598E759EE6FB}.Release|Any CPU.Build.0 = Release|Any CPU
	EndGlobalSection
	GlobalSection(SolutionProperties) = preSolution
		HideSolutionNode = FALSE
	EndGlobalSection
	GlobalSection(ExtensibilityGlobals) = postSolution
		SolutionGuid = {024CE832-DC74-4454-987B-BA3A4FAF1AD7}
	EndGlobalSection
EndGlobal
